
Microsoft Visual Studio Solution File, Format Version 12.00
# Visual Studio Version 16
VisualStudioVersion = 16.0.31205.134
MinimumVisualStudioVersion = 10.0.40219.1
Project("{FAE04EC0-301F-11D3-BF4B-00C04F79EFBC}") = "PetlaForeach", "PetlaForeach\PetlaForeach.csproj", "{85957B8D-2FCD-4CDE-9F64-EEED7F2ECC86}"
EndProject
Global
	GlobalSection(SolutionConfigurationPlatforms) = preSolution
		Debug|Any CPU = Debug|Any CPU
		Release|Any CPU = Release|Any CPU
	EndGlobalSection
	GlobalSection(ProjectConfigurationPlatforms) = postSolution
		{85957B8D-2FCD-4CDE-9F64-EEED7F2ECC86}.Debug|Any CPU.ActiveCfg = Debug|Any CPU
		{85957B8D-2FCD-4CDE-9F64-EEED7F2ECC86}.Debug|Any CPU.Build.0 = Debug|Any CPU
		{85957B8D-2FCD-4CDE-9F64-EEED7F2ECC86}.Release|Any CPU.ActiveCfg = Release|Any CPU
		{85957B8D-2FCD-4CDE-9F64-EEED7F2ECC86}.Release|Any CPU.Build.0 = Release|Any CPU
	EndGlobalSection
	GlobalSection(SolutionProperties) = preSolution
		HideSolutionNode = FALSE
	EndGlobalSection
	GlobalSection(ExtensibilityGlobals) = postSolution
		SolutionGuid = {F9D06D18-950B-4583-9586-CE7C4259EA19}
	EndGlobalSection
EndGlobal
