
Microsoft Visual Studio Solution File, Format Version 12.00
# Visual Studio Version 16
VisualStudioVersion = 16.0.31729.503
MinimumVisualStudioVersion = 10.0.40219.1
Project("{FAE04EC0-301F-11D3-BF4B-00C04F79EFBC}") = "SumowanieZeroSto", "SumowanieZeroSto\SumowanieZeroSto.csproj", "{C9FCB4A1-330A-4A48-960F-C008A9B8041F}"
EndProject
Global
	GlobalSection(SolutionConfigurationPlatforms) = preSolution
		Debug|Any CPU = Debug|Any CPU
		Release|Any CPU = Release|Any CPU
	EndGlobalSection
	GlobalSection(ProjectConfigurationPlatforms) = postSolution
		{C9FCB4A1-330A-4A48-960F-C008A9B8041F}.Debug|Any CPU.ActiveCfg = Debug|Any CPU
		{C9FCB4A1-330A-4A48-960F-C008A9B8041F}.Debug|Any CPU.Build.0 = Debug|Any CPU
		{C9FCB4A1-330A-4A48-960F-C008A9B8041F}.Release|Any CPU.ActiveCfg = Release|Any CPU
		{C9FCB4A1-330A-4A48-960F-C008A9B8041F}.Release|Any CPU.Build.0 = Release|Any CPU
	EndGlobalSection
	GlobalSection(SolutionProperties) = preSolution
		HideSolutionNode = FALSE
	EndGlobalSection
	GlobalSection(ExtensibilityGlobals) = postSolution
		SolutionGuid = {6C34F7A9-95B2-46D0-B86F-06741D124756}
	EndGlobalSection
EndGlobal
