
Microsoft Visual Studio Solution File, Format Version 12.00
# Visual Studio Version 16
VisualStudioVersion = 16.0.31205.134
MinimumVisualStudioVersion = 10.0.40219.1
Project("{FAE04EC0-301F-11D3-BF4B-00C04F79EFBC}") = "TworzenieOsoby", "TworzenieOsoby\TworzenieOsoby.csproj", "{BC710DF6-1045-4080-BFCC-BD27F82E88EB}"
EndProject
Global
	GlobalSection(SolutionConfigurationPlatforms) = preSolution
		Debug|Any CPU = Debug|Any CPU
		Release|Any CPU = Release|Any CPU
	EndGlobalSection
	GlobalSection(ProjectConfigurationPlatforms) = postSolution
		{BC710DF6-1045-4080-BFCC-BD27F82E88EB}.Debug|Any CPU.ActiveCfg = Debug|Any CPU
		{BC710DF6-1045-4080-BFCC-BD27F82E88EB}.Debug|Any CPU.Build.0 = Debug|Any CPU
		{BC710DF6-1045-4080-BFCC-BD27F82E88EB}.Release|Any CPU.ActiveCfg = Release|Any CPU
		{BC710DF6-1045-4080-BFCC-BD27F82E88EB}.Release|Any CPU.Build.0 = Release|Any CPU
	EndGlobalSection
	GlobalSection(SolutionProperties) = preSolution
		HideSolutionNode = FALSE
	EndGlobalSection
	GlobalSection(ExtensibilityGlobals) = postSolution
		SolutionGuid = {617FBE42-2B0E-467E-B73E-D2CA2FE059EA}
	EndGlobalSection
EndGlobal
