
Microsoft Visual Studio Solution File, Format Version 12.00
# Visual Studio Version 16
VisualStudioVersion = 16.0.31205.134
MinimumVisualStudioVersion = 10.0.40219.1
Project("{FAE04EC0-301F-11D3-BF4B-00C04F79EFBC}") = "Kalkulator", "Kalkulator\Kalkulator.csproj", "{61F9712E-2D3F-4BB6-9BD9-6A811F51B11D}"
EndProject
Global
	GlobalSection(SolutionConfigurationPlatforms) = preSolution
		Debug|Any CPU = Debug|Any CPU
		Release|Any CPU = Release|Any CPU
	EndGlobalSection
	GlobalSection(ProjectConfigurationPlatforms) = postSolution
		{61F9712E-2D3F-4BB6-9BD9-6A811F51B11D}.Debug|Any CPU.ActiveCfg = Debug|Any CPU
		{61F9712E-2D3F-4BB6-9BD9-6A811F51B11D}.Debug|Any CPU.Build.0 = Debug|Any CPU
		{61F9712E-2D3F-4BB6-9BD9-6A811F51B11D}.Release|Any CPU.ActiveCfg = Release|Any CPU
		{61F9712E-2D3F-4BB6-9BD9-6A811F51B11D}.Release|Any CPU.Build.0 = Release|Any CPU
	EndGlobalSection
	GlobalSection(SolutionProperties) = preSolution
		HideSolutionNode = FALSE
	EndGlobalSection
	GlobalSection(ExtensibilityGlobals) = postSolution
		SolutionGuid = {6C7D5109-8BE1-4619-9E8C-97434536601A}
	EndGlobalSection
EndGlobal
