
Microsoft Visual Studio Solution File, Format Version 12.00
# Visual Studio Version 16
VisualStudioVersion = 16.0.31829.152
MinimumVisualStudioVersion = 10.0.40219.1
Project("{FAE04EC0-301F-11D3-BF4B-00C04F79EFBC}") = "TablicaKwadraty", "TablicaKwadraty\TablicaKwadraty.csproj", "{5DDD6AD4-F32B-42CF-9C54-A6B4796C730A}"
EndProject
Global
	GlobalSection(SolutionConfigurationPlatforms) = preSolution
		Debug|Any CPU = Debug|Any CPU
		Release|Any CPU = Release|Any CPU
	EndGlobalSection
	GlobalSection(ProjectConfigurationPlatforms) = postSolution
		{5DDD6AD4-F32B-42CF-9C54-A6B4796C730A}.Debug|Any CPU.ActiveCfg = Debug|Any CPU
		{5DDD6AD4-F32B-42CF-9C54-A6B4796C730A}.Debug|Any CPU.Build.0 = Debug|Any CPU
		{5DDD6AD4-F32B-42CF-9C54-A6B4796C730A}.Release|Any CPU.ActiveCfg = Release|Any CPU
		{5DDD6AD4-F32B-42CF-9C54-A6B4796C730A}.Release|Any CPU.Build.0 = Release|Any CPU
	EndGlobalSection
	GlobalSection(SolutionProperties) = preSolution
		HideSolutionNode = FALSE
	EndGlobalSection
	GlobalSection(ExtensibilityGlobals) = postSolution
		SolutionGuid = {E2A5B585-1004-4C4A-95E3-DEDA5D7AF415}
	EndGlobalSection
EndGlobal
