
Microsoft Visual Studio Solution File, Format Version 12.00
# Visual Studio Version 16
VisualStudioVersion = 16.0.31205.134
MinimumVisualStudioVersion = 10.0.40219.1
Project("{FAE04EC0-301F-11D3-BF4B-00C04F79EFBC}") = "PierwiastekKwadratowyLiczyPI", "PierwiastekKwadratowyLiczyPI\PierwiastekKwadratowyLiczyPI.csproj", "{02E21390-FD34-48DF-A902-6453DA8F0527}"
EndProject
Global
	GlobalSection(SolutionConfigurationPlatforms) = preSolution
		Debug|Any CPU = Debug|Any CPU
		Release|Any CPU = Release|Any CPU
	EndGlobalSection
	GlobalSection(ProjectConfigurationPlatforms) = postSolution
		{02E21390-FD34-48DF-A902-6453DA8F0527}.Debug|Any CPU.ActiveCfg = Debug|Any CPU
		{02E21390-FD34-48DF-A902-6453DA8F0527}.Debug|Any CPU.Build.0 = Debug|Any CPU
		{02E21390-FD34-48DF-A902-6453DA8F0527}.Release|Any CPU.ActiveCfg = Release|Any CPU
		{02E21390-FD34-48DF-A902-6453DA8F0527}.Release|Any CPU.Build.0 = Release|Any CPU
	EndGlobalSection
	GlobalSection(SolutionProperties) = preSolution
		HideSolutionNode = FALSE
	EndGlobalSection
	GlobalSection(ExtensibilityGlobals) = postSolution
		SolutionGuid = {60FA8C60-1E3F-4F22-8213-8E942A2C0D7B}
	EndGlobalSection
EndGlobal
