
Microsoft Visual Studio Solution File, Format Version 12.00
# Visual Studio Version 16
VisualStudioVersion = 16.0.31729.503
MinimumVisualStudioVersion = 10.0.40219.1
Project("{FAE04EC0-301F-11D3-BF4B-00C04F79EFBC}") = "While", "While\While.csproj", "{EA9057C3-BC92-4E50-A39B-14383E3CD5FE}"
EndProject
Global
	GlobalSection(SolutionConfigurationPlatforms) = preSolution
		Debug|Any CPU = Debug|Any CPU
		Release|Any CPU = Release|Any CPU
	EndGlobalSection
	GlobalSection(ProjectConfigurationPlatforms) = postSolution
		{EA9057C3-BC92-4E50-A39B-14383E3CD5FE}.Debug|Any CPU.ActiveCfg = Debug|Any CPU
		{EA9057C3-BC92-4E50-A39B-14383E3CD5FE}.Debug|Any CPU.Build.0 = Debug|Any CPU
		{EA9057C3-BC92-4E50-A39B-14383E3CD5FE}.Release|Any CPU.ActiveCfg = Release|Any CPU
		{EA9057C3-BC92-4E50-A39B-14383E3CD5FE}.Release|Any CPU.Build.0 = Release|Any CPU
	EndGlobalSection
	GlobalSection(SolutionProperties) = preSolution
		HideSolutionNode = FALSE
	EndGlobalSection
	GlobalSection(ExtensibilityGlobals) = postSolution
		SolutionGuid = {B55A93C6-AA33-48E9-9FFF-EE11E2A6653A}
	EndGlobalSection
EndGlobal
