
Microsoft Visual Studio Solution File, Format Version 12.00
# Visual Studio Version 16
VisualStudioVersion = 16.0.31205.134
MinimumVisualStudioVersion = 10.0.40219.1
Project("{FAE04EC0-301F-11D3-BF4B-00C04F79EFBC}") = "LosowanieNajwiekszanajmniejsza", "LosowanieNajwiekszanajmniejsza\LosowanieNajwiekszanajmniejsza.csproj", "{ADB58F3F-C721-4CD8-A990-3FB138C166AE}"
EndProject
Global
	GlobalSection(SolutionConfigurationPlatforms) = preSolution
		Debug|Any CPU = Debug|Any CPU
		Release|Any CPU = Release|Any CPU
	EndGlobalSection
	GlobalSection(ProjectConfigurationPlatforms) = postSolution
		{ADB58F3F-C721-4CD8-A990-3FB138C166AE}.Debug|Any CPU.ActiveCfg = Debug|Any CPU
		{ADB58F3F-C721-4CD8-A990-3FB138C166AE}.Debug|Any CPU.Build.0 = Debug|Any CPU
		{ADB58F3F-C721-4CD8-A990-3FB138C166AE}.Release|Any CPU.ActiveCfg = Release|Any CPU
		{ADB58F3F-C721-4CD8-A990-3FB138C166AE}.Release|Any CPU.Build.0 = Release|Any CPU
	EndGlobalSection
	GlobalSection(SolutionProperties) = preSolution
		HideSolutionNode = FALSE
	EndGlobalSection
	GlobalSection(ExtensibilityGlobals) = postSolution
		SolutionGuid = {98D8535A-50A8-495C-8B7B-946B51CA5B19}
	EndGlobalSection
EndGlobal
