
Microsoft Visual Studio Solution File, Format Version 12.00
# Visual Studio Version 16
VisualStudioVersion = 16.0.31205.134
MinimumVisualStudioVersion = 10.0.40219.1
Project("{FAE04EC0-301F-11D3-BF4B-00C04F79EFBC}") = "DeltaSwitch", "DeltaSwitch\DeltaSwitch.csproj", "{6DE3E25B-E2B0-4790-97D3-ABED24B26D61}"
EndProject
Global
	GlobalSection(SolutionConfigurationPlatforms) = preSolution
		Debug|Any CPU = Debug|Any CPU
		Release|Any CPU = Release|Any CPU
	EndGlobalSection
	GlobalSection(ProjectConfigurationPlatforms) = postSolution
		{6DE3E25B-E2B0-4790-97D3-ABED24B26D61}.Debug|Any CPU.ActiveCfg = Debug|Any CPU
		{6DE3E25B-E2B0-4790-97D3-ABED24B26D61}.Debug|Any CPU.Build.0 = Debug|Any CPU
		{6DE3E25B-E2B0-4790-97D3-ABED24B26D61}.Release|Any CPU.ActiveCfg = Release|Any CPU
		{6DE3E25B-E2B0-4790-97D3-ABED24B26D61}.Release|Any CPU.Build.0 = Release|Any CPU
	EndGlobalSection
	GlobalSection(SolutionProperties) = preSolution
		HideSolutionNode = FALSE
	EndGlobalSection
	GlobalSection(ExtensibilityGlobals) = postSolution
		SolutionGuid = {D94419E9-857E-4E44-A62B-C04F64F1083C}
	EndGlobalSection
EndGlobal
