
Microsoft Visual Studio Solution File, Format Version 12.00
# Visual Studio Version 16
VisualStudioVersion = 16.0.31205.134
MinimumVisualStudioVersion = 10.0.40219.1
Project("{FAE04EC0-301F-11D3-BF4B-00C04F79EFBC}") = "ObetoscKuli", "ObetoscKuli\ObetoscKuli.csproj", "{487ADA33-58AB-4C61-AFDB-AEE12C20FEBE}"
EndProject
Global
	GlobalSection(SolutionConfigurationPlatforms) = preSolution
		Debug|Any CPU = Debug|Any CPU
		Release|Any CPU = Release|Any CPU
	EndGlobalSection
	GlobalSection(ProjectConfigurationPlatforms) = postSolution
		{487ADA33-58AB-4C61-AFDB-AEE12C20FEBE}.Debug|Any CPU.ActiveCfg = Debug|Any CPU
		{487ADA33-58AB-4C61-AFDB-AEE12C20FEBE}.Debug|Any CPU.Build.0 = Debug|Any CPU
		{487ADA33-58AB-4C61-AFDB-AEE12C20FEBE}.Release|Any CPU.ActiveCfg = Release|Any CPU
		{487ADA33-58AB-4C61-AFDB-AEE12C20FEBE}.Release|Any CPU.Build.0 = Release|Any CPU
	EndGlobalSection
	GlobalSection(SolutionProperties) = preSolution
		HideSolutionNode = FALSE
	EndGlobalSection
	GlobalSection(ExtensibilityGlobals) = postSolution
		SolutionGuid = {C09B6BCB-A9E9-40E0-A8AC-CDC9B17BCB20}
	EndGlobalSection
EndGlobal
