
Microsoft Visual Studio Solution File, Format Version 12.00
# Visual Studio Version 16
VisualStudioVersion = 16.0.31205.134
MinimumVisualStudioVersion = 10.0.40219.1
Project("{FAE04EC0-301F-11D3-BF4B-00C04F79EFBC}") = "Obliczanierownan", "Obliczanierownan\Obliczanierownan.csproj", "{E37A452E-3A64-4253-85ED-95C7B051FF75}"
EndProject
Global
	GlobalSection(SolutionConfigurationPlatforms) = preSolution
		Debug|Any CPU = Debug|Any CPU
		Release|Any CPU = Release|Any CPU
	EndGlobalSection
	GlobalSection(ProjectConfigurationPlatforms) = postSolution
		{E37A452E-3A64-4253-85ED-95C7B051FF75}.Debug|Any CPU.ActiveCfg = Debug|Any CPU
		{E37A452E-3A64-4253-85ED-95C7B051FF75}.Debug|Any CPU.Build.0 = Debug|Any CPU
		{E37A452E-3A64-4253-85ED-95C7B051FF75}.Release|Any CPU.ActiveCfg = Release|Any CPU
		{E37A452E-3A64-4253-85ED-95C7B051FF75}.Release|Any CPU.Build.0 = Release|Any CPU
	EndGlobalSection
	GlobalSection(SolutionProperties) = preSolution
		HideSolutionNode = FALSE
	EndGlobalSection
	GlobalSection(ExtensibilityGlobals) = postSolution
		SolutionGuid = {8CEC694A-8664-495E-819B-8DC7E00B1AA4}
	EndGlobalSection
EndGlobal
